
Microsoft Visual Studio Solution File, Format Version 12.00
# Visual Studio 15
VisualStudioVersion = 15.0.26228.4
MinimumVisualStudioVersion = 10.0.40219.1
Project("{FAE04EC0-301F-11D3-BF4B-00C04F79EFBC}") = "IMS2", "IMS2\IMS2.csproj", "{5B8A24F1-89E4-4FA1-8C8B-4886C21F1F4C}"
EndProject
Project("{FAE04EC0-301F-11D3-BF4B-00C04F79EFBC}") = "IMS2.Tests", "IMS2.Tests\IMS2.Tests.csproj", "{57B98628-7A63-4B56-96B7-90A81AF211EF}"
EndProject
Project("{FAE04EC0-301F-11D3-BF4B-00C04F79EFBC}") = "OperateExcel", "OperateExcel\OperateExcel.csproj", "{BC00582A-4992-4DCA-A3AE-51C3E7DA6382}"
EndProject
Project("{FAE04EC0-301F-11D3-BF4B-00C04F79EFBC}") = "ExcelEntityOperation", "ExcelEntityOperation\ExcelEntityOperation.csproj", "{40E06FA0-31AC-482A-AF60-94FADA4FCFE5}"
EndProject
Global
	GlobalSection(SolutionConfigurationPlatforms) = preSolution
		Debug|Any CPU = Debug|Any CPU
		Release|Any CPU = Release|Any CPU
	EndGlobalSection
	GlobalSection(ProjectConfigurationPlatforms) = postSolution
		{5B8A24F1-89E4-4FA1-8C8B-4886C21F1F4C}.Debug|Any CPU.ActiveCfg = Debug|Any CPU
		{5B8A24F1-89E4-4FA1-8C8B-4886C21F1F4C}.Debug|Any CPU.Build.0 = Debug|Any CPU
		{5B8A24F1-89E4-4FA1-8C8B-4886C21F1F4C}.Release|Any CPU.ActiveCfg = Release|Any CPU
		{5B8A24F1-89E4-4FA1-8C8B-4886C21F1F4C}.Release|Any CPU.Build.0 = Release|Any CPU
		{57B98628-7A63-4B56-96B7-90A81AF211EF}.Debug|Any CPU.ActiveCfg = Debug|Any CPU
		{57B98628-7A63-4B56-96B7-90A81AF211EF}.Debug|Any CPU.Build.0 = Debug|Any CPU
		{57B98628-7A63-4B56-96B7-90A81AF211EF}.Release|Any CPU.ActiveCfg = Release|Any CPU
		{57B98628-7A63-4B56-96B7-90A81AF211EF}.Release|Any CPU.Build.0 = Release|Any CPU
		{BC00582A-4992-4DCA-A3AE-51C3E7DA6382}.Debug|Any CPU.ActiveCfg = Debug|Any CPU
		{BC00582A-4992-4DCA-A3AE-51C3E7DA6382}.Debug|Any CPU.Build.0 = Debug|Any CPU
		{BC00582A-4992-4DCA-A3AE-51C3E7DA6382}.Release|Any CPU.ActiveCfg = Release|Any CPU
		{BC00582A-4992-4DCA-A3AE-51C3E7DA6382}.Release|Any CPU.Build.0 = Release|Any CPU
		{40E06FA0-31AC-482A-AF60-94FADA4FCFE5}.Debug|Any CPU.ActiveCfg = Debug|Any CPU
		{40E06FA0-31AC-482A-AF60-94FADA4FCFE5}.Debug|Any CPU.Build.0 = Debug|Any CPU
		{40E06FA0-31AC-482A-AF60-94FADA4FCFE5}.Release|Any CPU.ActiveCfg = Release|Any CPU
		{40E06FA0-31AC-482A-AF60-94FADA4FCFE5}.Release|Any CPU.Build.0 = Release|Any CPU
	EndGlobalSection
	GlobalSection(SolutionProperties) = preSolution
		HideSolutionNode = FALSE
	EndGlobalSection
EndGlobal
